
Microsoft Visual Studio Solution File, Format Version 12.00
# Visual Studio 2013
VisualStudioVersion = 12.0.21005.1
MinimumVisualStudioVersion = 10.0.40219.1
Project("{FAE04EC0-301F-11D3-BF4B-00C04F79EFBC}") = "T.Models", "T.Models\T.Models.csproj", "{27DBA20A-0A7C-485C-B3CE-67B8B84728C6}"
EndProject
Project("{FAE04EC0-301F-11D3-BF4B-00C04F79EFBC}") = "T.BLL", "T.BLL\T.BLL.csproj", "{D15E1604-E4A6-4C07-A156-18D4FE27CC54}"
EndProject
Project("{FAE04EC0-301F-11D3-BF4B-00C04F79EFBC}") = "T.DAL", "T.DAL\T.DAL.csproj", "{503B4B11-4AA2-45C4-BCEB-7B57AE9D4E0A}"
EndProject
Project("{FAE04EC0-301F-11D3-BF4B-00C04F79EFBC}") = "Commen", "Commen\Commen.csproj", "{49A1DDB7-3A60-455B-8D7A-ED3CCFE76F07}"
EndProject
Project("{FAE04EC0-301F-11D3-BF4B-00C04F79EFBC}") = "web", "web\web.csproj", "{00660A2E-7974-44AE-95AB-1CDF2A2708E2}"
EndProject
Global
	GlobalSection(SolutionConfigurationPlatforms) = preSolution
		Debug|Any CPU = Debug|Any CPU
		Release|Any CPU = Release|Any CPU
	EndGlobalSection
	GlobalSection(ProjectConfigurationPlatforms) = postSolution
		{27DBA20A-0A7C-485C-B3CE-67B8B84728C6}.Debug|Any CPU.ActiveCfg = Debug|Any CPU
		{27DBA20A-0A7C-485C-B3CE-67B8B84728C6}.Debug|Any CPU.Build.0 = Debug|Any CPU
		{27DBA20A-0A7C-485C-B3CE-67B8B84728C6}.Release|Any CPU.ActiveCfg = Release|Any CPU
		{27DBA20A-0A7C-485C-B3CE-67B8B84728C6}.Release|Any CPU.Build.0 = Release|Any CPU
		{D15E1604-E4A6-4C07-A156-18D4FE27CC54}.Debug|Any CPU.ActiveCfg = Debug|Any CPU
		{D15E1604-E4A6-4C07-A156-18D4FE27CC54}.Debug|Any CPU.Build.0 = Debug|Any CPU
		{D15E1604-E4A6-4C07-A156-18D4FE27CC54}.Release|Any CPU.ActiveCfg = Release|Any CPU
		{D15E1604-E4A6-4C07-A156-18D4FE27CC54}.Release|Any CPU.Build.0 = Release|Any CPU
		{503B4B11-4AA2-45C4-BCEB-7B57AE9D4E0A}.Debug|Any CPU.ActiveCfg = Debug|Any CPU
		{503B4B11-4AA2-45C4-BCEB-7B57AE9D4E0A}.Debug|Any CPU.Build.0 = Debug|Any CPU
		{503B4B11-4AA2-45C4-BCEB-7B57AE9D4E0A}.Release|Any CPU.ActiveCfg = Release|Any CPU
		{503B4B11-4AA2-45C4-BCEB-7B57AE9D4E0A}.Release|Any CPU.Build.0 = Release|Any CPU
		{49A1DDB7-3A60-455B-8D7A-ED3CCFE76F07}.Debug|Any CPU.ActiveCfg = Debug|Any CPU
		{49A1DDB7-3A60-455B-8D7A-ED3CCFE76F07}.Debug|Any CPU.Build.0 = Debug|Any CPU
		{49A1DDB7-3A60-455B-8D7A-ED3CCFE76F07}.Release|Any CPU.ActiveCfg = Release|Any CPU
		{49A1DDB7-3A60-455B-8D7A-ED3CCFE76F07}.Release|Any CPU.Build.0 = Release|Any CPU
		{00660A2E-7974-44AE-95AB-1CDF2A2708E2}.Debug|Any CPU.ActiveCfg = Debug|Any CPU
		{00660A2E-7974-44AE-95AB-1CDF2A2708E2}.Debug|Any CPU.Build.0 = Debug|Any CPU
		{00660A2E-7974-44AE-95AB-1CDF2A2708E2}.Release|Any CPU.ActiveCfg = Release|Any CPU
		{00660A2E-7974-44AE-95AB-1CDF2A2708E2}.Release|Any CPU.Build.0 = Release|Any CPU
	EndGlobalSection
	GlobalSection(SolutionProperties) = preSolution
		HideSolutionNode = FALSE
	EndGlobalSection
EndGlobal
